
Microsoft Visual Studio Solution File, Format Version 12.00
# Visual Studio Version 17
VisualStudioVersion = 17.13.35818.85 d17.13
MinimumVisualStudioVersion = 10.0.40219.1
Project("{FAE04EC0-301F-11D3-BF4B-00C04F79EFBC}") = "MathStatRGR", "MathStatRGR.csproj", "{D565C693-C83C-4D8D-81D4-0519AEBC659C}"
EndProject
Global
	GlobalSection(SolutionConfigurationPlatforms) = preSolution
		Debug|Any CPU = Debug|Any CPU
		Release|Any CPU = Release|Any CPU
	EndGlobalSection
	GlobalSection(ProjectConfigurationPlatforms) = postSolution
		{D565C693-C83C-4D8D-81D4-0519AEBC659C}.Debug|Any CPU.ActiveCfg = Debug|Any CPU
		{D565C693-C83C-4D8D-81D4-0519AEBC659C}.Debug|Any CPU.Build.0 = Debug|Any CPU
		{D565C693-C83C-4D8D-81D4-0519AEBC659C}.Release|Any CPU.ActiveCfg = Release|Any CPU
		{D565C693-C83C-4D8D-81D4-0519AEBC659C}.Release|Any CPU.Build.0 = Release|Any CPU
	EndGlobalSection
	GlobalSection(SolutionProperties) = preSolution
		HideSolutionNode = FALSE
	EndGlobalSection
	GlobalSection(ExtensibilityGlobals) = postSolution
		SolutionGuid = {13216E5E-A06C-4497-B03A-15D85AFADD9A}
	EndGlobalSection
EndGlobal
